// !$*UTF8*$!
{
	archiveVersion = 1;
	classes = {
	};
	objectVersion = 56;
	objects = {

/* Begin PBXBuildFile section */
		02DBCE8B296357A700FB9F85 /* AppDelegate.swift in Sources */ = {isa = PBXBuildFile; fileRef = 02DBCE8A296357A700FB9F85 /* AppDelegate.swift */; };
		02DBCE8D296357A700FB9F85 /* SceneDelegate.swift in Sources */ = {isa = PBXBuildFile; fileRef = 02DBCE8C296357A700FB9F85 /* SceneDelegate.swift */; };
		02DBCE8F296357A700FB9F85 /* ViewController.swift in Sources */ = {isa = PBXBuildFile; fileRef = 02DBCE8E296357A700FB9F85 /* ViewController.swift */; };
		02DBCE92296357A700FB9F85 /* Main.storyboard in Resources */ = {isa = PBXBuildFile; fileRef = 02DBCE90296357A700FB9F85 /* Main.storyboard */; };
		02DBCE95296357A700FB9F85 /* CoreDataAssignment5thTry.xcdatamodeld in Sources */ = {isa = PBXBuildFile; fileRef = 02DBCE93296357A700FB9F85 /* CoreDataAssignment5thTry.xcdatamodeld */; };
		02DBCE97296357A900FB9F85 /* Assets.xcassets in Resources */ = {isa = PBXBuildFile; fileRef = 02DBCE96296357A900FB9F85 /* Assets.xcassets */; };
		02DBCE9A296357A900FB9F85 /* LaunchScreen.storyboard in Resources */ = {isa = PBXBuildFile; fileRef = 02DBCE98296357A900FB9F85 /* LaunchScreen.storyboard */; };
/* End PBXBuildFile section */

/* Begin PBXFileReference section */
		02DBCE87296357A700FB9F85 /* CoreDataAssignment5thTry.app */ = {isa = PBXFileReference; explicitFileType = wrapper.application; includeInIndex = 0; path = CoreDataAssignment5thTry.app; sourceTree = BUILT_PRODUCTS_DIR; };
		02DBCE8A296357A700FB9F85 /* AppDelegate.swift */ = {isa = PBXFileReference; lastKnownFileType = sourcecode.swift; path = AppDelegate.swift; sourceTree = "<group>"; };
		02DBCE8C296357A700FB9F85 /* SceneDelegate.swift */ = {isa = PBXFileReference; lastKnownFileType = sourcecode.swift; path = SceneDelegate.swift; sourceTree = "<group>"; };
		02DBCE8E296357A700FB9F85 /* ViewController.swift */ = {isa = PBXFileReference; lastKnownFileType = sourcecode.swift; path = ViewController.swift; sourceTree = "<group>"; };
		02DBCE91296357A700FB9F85 /* Base */ = {isa = PBXFileReference; lastKnownFileType = file.storyboard; name = Base; path = Base.lproj/Main.storyboard; sourceTree = "<group>"; };
		02DBCE94296357A700FB9F85 /* CoreDataAssignment5thTry.xcdatamodel */ = {isa = PBXFileReference; lastKnownFileType = wrapper.xcdatamodel; path = CoreDataAssignment5thTry.xcdatamodel; sourceTree = "<group>"; };
		02DBCE96296357A900FB9F85 /* Assets.xcassets */ = {isa = PBXFileReference; lastKnownFileType = folder.assetcatalog; path = Assets.xcassets; sourceTree = "<group>"; };
		02DBCE99296357A900FB9F85 /* Base */ = {isa = PBXFileReference; lastKnownFileType = file.storyboard; name = Base; path = Base.lproj/LaunchScreen.storyboard; sourceTree = "<group>"; };
		02DBCE9B296357A900FB9F85 /* Info.plist */ = {isa = PBXFileReference; lastKnownFileType = text.plist.xml; path = Info.plist; sourceTree = "<group>"; };
/* End PBXFileReference section */

/* Begin PBXFrameworksBuildPhase section */
		02DBCE84296357A700FB9F85 /* Frameworks */ = {
			isa = PBXFrameworksBuildPhase;
			buildActionMask = 2147483647;
			files = (
			);
			runOnlyForDeploymentPostprocessing = 0;
		};
/* End PBXFrameworksBuildPhase section */

/* Begin PBXGroup section */
		02DBCE7E296357A700FB9F85 = {
			isa = PBXGroup;
			children = (
				02DBCE89296357A700FB9F85 /* CoreDataAssignment5thTry */,
				02DBCE88296357A700FB9F85 /* Products */,
			);
			sourceTree = "<group>";
		};
		02DBCE88296357A700FB9F85 /* Products */ = {
			isa = PBXGroup;
			children = (
				02DBCE87296357A700FB9F85 /* CoreDataAssignment5thTry.app */,
			);
			name = Products;
			sourceTree = "<group>";
		};
		02DBCE89296357A700FB9F85 /* CoreDataAssignment5thTry */ = {
			isa = PBXGroup;
			children = (
				02DBCE8A296357A700FB9F85 /* AppDelegate.swift */,
				02DBCE8C296357A700FB9F85 /* SceneDelegate.swift */,
				02DBCE8E296357A700FB9F85 /* ViewController.swift */,
				02DBCE90296357A700FB9F85 /* Main.storyboard */,
				02DBCE96296357A900FB9F85 /* Assets.xcassets */,
				02DBCE98296357A900FB9F85 /* LaunchScreen.storyboard */,
				02DBCE9B296357A900FB9F85 /* Info.plist */,
				02DBCE93296357A700FB9F85 /* CoreDataAssignment5thTry.xcdatamodeld */,
			);
			path = CoreDataAssignment5thTry;
			sourceTree = "<group>";
		};
/* End PBXGroup section */

/* Begin PBXNativeTarget section */
		02DBCE86296357A700FB9F85 /* CoreDataAssignment5thTry */ = {
			isa = PBXNativeTarget;
			buildConfigurationList = 02DBCE9E296357A900FB9F85 /* Build configuration list for PBXNativeTarget "CoreDataAssignment5thTry" */;
			buildPhases = (
				02DBCE83296357A700FB9F85 /* Sources */,
				02DBCE84296357A700FB9F85 /* Frameworks */,
				02DBCE85296357A700FB9F85 /* Resources */,
			);
			buildRules = (
			);
			dependencies = (
			);
			name = CoreDataAssignment5thTry;
			productName = CoreDataAssignment5thTry;
			productReference = 02DBCE87296357A700FB9F85 /* CoreDataAssignment5thTry.app */;
			productType = "com.apple.product-type.application";
		};
/* End PBXNativeTarget section */

/* Begin PBXProject section */
		02DBCE7F296357A700FB9F85 /* Project object */ = {
			isa = PBXProject;
			attributes = {
				BuildIndependentTargetsInParallel = 1;
				LastSwiftUpdateCheck = 1420;
				LastUpgradeCheck = 1420;
				TargetAttributes = {
					02DBCE86296357A700FB9F85 = {
						CreatedOnToolsVersion = 14.2;
					};
				};
			};
			buildConfigurationList = 02DBCE82296357A700FB9F85 /* Build configuration list for PBXProject "CoreDataAssignment5thTry" */;
			compatibilityVersion = "Xcode 14.0";
			developmentRegion = en;
			hasScannedForEncodings = 0;
			knownRegions = (
				en,
				Base,
			);
			mainGroup = 02DBCE7E296357A700FB9F85;
			productRefGroup = 02DBCE88296357A700FB9F85 /* Products */;
			projectDirPath = "";
			projectRoot = "";
			targets = (
				02DBCE86296357A700FB9F85 /* CoreDataAssignment5thTry */,
			);
		};
/* End PBXProject section */

/* Begin PBXResourcesBuildPhase section */
		02DBCE85296357A700FB9F85 /* Resources */ = {
			isa = PBXResourcesBuildPhase;
			buildActionMask = 2147483647;
			files = (
				02DBCE9A296357A900FB9F85 /* LaunchScreen.storyboard in Resources */,
				02DBCE97296357A900FB9F85 /* Assets.xcassets in Resources */,
				02DBCE92296357A700FB9F85 /* Main.storyboard in Resources */,
			);
			runOnlyForDeploymentPostprocessing = 0;
		};
/* End PBXResourcesBuildPhase section */

/* Begin PBXSourcesBuildPhase section */
		02DBCE83296357A700FB9F85 /* Sources */ = {
			isa = PBXSourcesBuildPhase;
			buildActionMask = 2147483647;
			files = (
				02DBCE8F296357A700FB9F85 /* ViewController.swift in Sources */,
				02DBCE95296357A700FB9F85 /* CoreDataAssignment5thTry.xcdatamodeld in Sources */,
				02DBCE8B296357A700FB9F85 /* AppDelegate.swift in Sources */,
				02DBCE8D296357A700FB9F85 /* SceneDelegate.swift in Sources */,
			);
			runOnlyForDeploymentPostprocessing = 0;
		};
/* End PBXSourcesBuildPhase section */

/* Begin PBXVariantGroup section */
		02DBCE90296357A700FB9F85 /* Main.storyboard */ = {
			isa = PBXVariantGroup;
			children = (
				02DBCE91296357A700FB9F85 /* Base */,
			);
			name = Main.storyboard;
			sourceTree = "<group>";
		};
		02DBCE98296357A900FB9F85 /* LaunchScreen.storyboard */ = {
			isa = PBXVariantGroup;
			children = (
				02DBCE99296357A900FB9F85 /* Base */,
			);
			name = LaunchScreen.storyboard;
			sourceTree = "<group>";
		};
/* End PBXVariantGroup section */

/* Begin XCBuildConfiguration section */
		02DBCE9C296357A900FB9F85 /* Debug */ = {
			isa = XCBuildConfiguration;
			buildSettings = {
				ALWAYS_SEARCH_USER_PATHS = NO;
				CLANG_ANALYZER_NONNULL = YES;
				CLANG_ANALYZER_NUMBER_OBJECT_CONVERSION = YES_AGGRESSIVE;
				CLANG_CXX_LANGUAGE_STANDARD = "gnu++20";
				CLANG_ENABLE_MODULES = YES;
				CLANG_ENABLE_OBJC_ARC = YES;
				CLANG_ENABLE_OBJC_WEAK = YES;
				CLANG_WARN_BLOCK_CAPTURE_AUTORELEASING = YES;
				CLANG_WARN_BOOL_CONVERSION = YES;
				CLANG_WARN_COMMA = YES;
				CLANG_WARN_CONSTANT_CONVERSION = YES;
				CLANG_WARN_DEPRECATED_OBJC_IMPLEMENTATIONS = YES;
				CLANG_WARN_DIRECT_OBJC_ISA_USAGE = YES_ERROR;
				CLANG_WARN_DOCUMENTATION_COMMENTS = YES;
				CLANG_WARN_EMPTY_BODY = YES;
				CLANG_WARN_ENUM_CONVERSION = YES;
				CLANG_WARN_INFINITE_RECURSION = YES;
				CLANG_WARN_INT_CONVERSION = YES;
				CLANG_WARN_NON_LITERAL_NULL_CONVERSION = YES;
				CLANG_WARN_OBJC_IMPLICIT_RETAIN_SELF = YES;
				CLANG_WARN_OBJC_LITERAL_CONVERSION = YES;
				CLANG_WARN_OBJC_ROOT_CLASS = YES_ERROR;
				CLANG_WARN_QUOTED_INCLUDE_IN_FRAMEWORK_HEADER = YES;
				CLANG_WARN_RANGE_LOOP_ANALYSIS = YES;
				CLANG_WARN_STRICT_PROTOTYPES = YES;
				CLANG_WARN_SUSPICIOUS_MOVE = YES;
				CLANG_WARN_UNGUARDED_AVAILABILITY = YES_AGGRESSIVE;
				CLANG_WARN_UNREACHABLE_CODE = YES;
				CLANG_WARN__DUPLICATE_METHOD_MATCH = YES;
				COPY_PHASE_STRIP = NO;
				DEBUG_INFORMATION_FORMAT = dwarf;
				ENABLE_STRICT_OBJC_MSGSEND = YES;
				ENABLE_TESTABILITY = YES;
				GCC_C_LANGUAGE_STANDARD = gnu11;
				GCC_DYNAMIC_NO_PIC = NO;
				GCC_NO_COMMON_BLOCKS = YES;
				GCC_OPTIMIZATION_LEVEL = 0;
				GCC_PREPROCESSOR_DEFINITIONS = (
					"DEBUG=1",
					"$(inherited)",
				);
				GCC_WARN_64_TO_32_BIT_CONVERSION = YES;
				GCC_WARN_ABOUT_RETURN_TYPE = YES_ERROR;
				GCC_WARN_UNDECLARED_SELECTOR = YES;
				GCC_WARN_UNINITIALIZED_AUTOS = YES_AGGRESSIVE;
				GCC_WARN_UNUSED_FUNCTION = YES;
				GCC_WARN_UNUSED_VARIABLE = YES;
				IPHONEOS_DEPLOYMENT_TARGET = 16.2;
				MTL_ENABLE_DEBUG_INFO = INCLUDE_SOURCE;
				MTL_FAST_MATH = YES;
				ONLY_ACTIVE_ARCH = YES;
				SDKROOT = iphoneos;
				SWIFT_ACTIVE_COMPILATION_CONDITIONS = DEBUG;
				SWIFT_OPTIMIZATION_LEVEL = "-Onone";
			};
			name = Debug;
		};
		02DBCE9D296357A900FB9F85 /* Release */ = {
			isa = XCBuildConfiguration;
			buildSettings = {
				ALWAYS_SEARCH_USER_PATHS = NO;
				CLANG_ANALYZER_NONNULL = YES;
				CLANG_ANALYZER_NUMBER_OBJECT_CONVERSION = YES_AGGRESSIVE;
				CLANG_CXX_LANGUAGE_STANDARD = "gnu++20";
				CLANG_ENABLE_MODULES = YES;
				CLANG_ENABLE_OBJC_ARC = YES;
				CLANG_ENABLE_OBJC_WEAK = YES;
				CLANG_WARN_BLOCK_CAPTURE_AUTORELEASING = YES;
				CLANG_WARN_BOOL_CONVERSION = YES;
				CLANG_WARN_COMMA = YES;
				CLANG_WARN_CONSTANT_CONVERSION = YES;
				CLANG_WARN_DEPRECATED_OBJC_IMPLEMENTATIONS = YES;
				CLANG_WARN_DIRECT_OBJC_ISA_USAGE = YES_ERROR;
				CLANG_WARN_DOCUMENTATION_COMMENTS = YES;
				CLANG_WARN_EMPTY_BODY = YES;
				CLANG_WARN_ENUM_CONVERSION = YES;
				CLANG_WARN_INFINITE_RECURSION = YES;
				CLANG_WARN_INT_CONVERSION = YES;
				CLANG_WARN_NON_LITERAL_NULL_CONVERSION = YES;
				CLANG_WARN_OBJC_IMPLICIT_RETAIN_SELF = YES;
				CLANG_WARN_OBJC_LITERAL_CONVERSION = YES;
				CLANG_WARN_OBJC_ROOT_CLASS = YES_ERROR;
				CLANG_WARN_QUOTED_INCLUDE_IN_FRAMEWORK_HEADER = YES;
				CLANG_WARN_RANGE_LOOP_ANALYSIS = YES;
				CLANG_WARN_STRICT_PROTOTYPES = YES;
				CLANG_WARN_SUSPICIOUS_MOVE = YES;
				CLANG_WARN_UNGUARDED_AVAILABILITY = YES_AGGRESSIVE;
				CLANG_WARN_UNREACHABLE_CODE = YES;
				CLANG_WARN__DUPLICATE_METHOD_MATCH = YES;
				COPY_PHASE_STRIP = NO;
				DEBUG_INFORMATION_FORMAT = "dwarf-with-dsym";
				ENABLE_NS_ASSERTIONS = NO;
				ENABLE_STRICT_OBJC_MSGSEND = YES;
				GCC_C_LANGUAGE_STANDARD = gnu11;
				GCC_NO_COMMON_BLOCKS = YES;
				GCC_WARN_64_TO_32_BIT_CONVERSION = YES;
				GCC_WARN_ABOUT_RETURN_TYPE = YES_ERROR;
				GCC_WARN_UNDECLARED_SELECTOR = YES;
				GCC_WARN_UNINITIALIZED_AUTOS = YES_AGGRESSIVE;
				GCC_WARN_UNUSED_FUNCTION = YES;
				GCC_WARN_UNUSED_VARIABLE = YES;
				IPHONEOS_DEPLOYMENT_TARGET = 16.2;
				MTL_ENABLE_DEBUG_INFO = NO;
				MTL_FAST_MATH = YES;
				SDKROOT = iphoneos;
				SWIFT_COMPILATION_MODE = wholemodule;
				SWIFT_OPTIMIZATION_LEVEL = "-O";
				VALIDATE_PRODUCT = YES;
			};
			name = Release;
		};
		02DBCE9F296357A900FB9F85 /* Debug */ = {
			isa = XCBuildConfiguration;
			buildSettings = {
				ASSETCATALOG_COMPILER_APPICON_NAME = AppIcon;
				ASSETCATALOG_COMPILER_GLOBAL_ACCENT_COLOR_NAME = AccentColor;
				CODE_SIGN_STYLE = Automatic;
				CURRENT_PROJECT_VERSION = 1;
				GENERATE_INFOPLIST_FILE = YES;
				INFOPLIST_FILE = CoreDataAssignment5thTry/Info.plist;
				INFOPLIST_KEY_UIApplicationSupportsIndirectInputEvents = YES;
				INFOPLIST_KEY_UILaunchStoryboardName = LaunchScreen;
				INFOPLIST_KEY_UIMainStoryboardFile = Main;
				INFOPLIST_KEY_UISupportedInterfaceOrientations_iPad = "UIInterfaceOrientationPortrait UIInterfaceOrientationPortraitUpsideDown UIInterfaceOrientationLandscapeLeft UIInterfaceOrientationLandscapeRight";
				INFOPLIST_KEY_UISupportedInterfaceOrientations_iPhone = "UIInterfaceOrientationPortrait UIInterfaceOrientationLandscapeLeft UIInterfaceOrientationLandscapeRight";
				LD_RUNPATH_SEARCH_PATHS = (
					"$(inherited)",
					"@executable_path/Frameworks",
				);
				MARKETING_VERSION = 1.0;
				PRODUCT_BUNDLE_IDENTIFIER = com.enhanceit.CoreDataAssignment5thTry;
				PRODUCT_NAME = "$(TARGET_NAME)";
				SWIFT_EMIT_LOC_STRINGS = YES;
				SWIFT_VERSION = 5.0;
				TARGETED_DEVICE_FAMILY = "1,2";
			};
			name = Debug;
		};
		02DBCEA0296357A900FB9F85 /* Release */ = {
			isa = XCBuildConfiguration;
			buildSettings = {
				ASSETCATALOG_COMPILER_APPICON_NAME = AppIcon;
				ASSETCATALOG_COMPILER_GLOBAL_ACCENT_COLOR_NAME = AccentColor;
				CODE_SIGN_STYLE = Automatic;
				CURRENT_PROJECT_VERSION = 1;
				GENERATE_INFOPLIST_FILE = YES;
				INFOPLIST_FILE = CoreDataAssignment5thTry/Info.plist;
				INFOPLIST_KEY_UIApplicationSupportsIndirectInputEvents = YES;
				INFOPLIST_KEY_UILaunchStoryboardName = LaunchScreen;
				INFOPLIST_KEY_UIMainStoryboardFile = Main;
				INFOPLIST_KEY_UISupportedInterfaceOrientations_iPad = "UIInterfaceOrientationPortrait UIInterfaceOrientationPortraitUpsideDown UIInterfaceOrientationLandscapeLeft UIInterfaceOrientationLandscapeRight";
				INFOPLIST_KEY_UISupportedInterfaceOrientations_iPhone = "UIInterfaceOrientationPortrait UIInterfaceOrientationLandscapeLeft UIInterfaceOrientationLandscapeRight";
				LD_RUNPATH_SEARCH_PATHS = (
					"$(inherited)",
					"@executable_path/Frameworks",
				);
				MARKETING_VERSION = 1.0;
				PRODUCT_BUNDLE_IDENTIFIER = com.enhanceit.CoreDataAssignment5thTry;
				PRODUCT_NAME = "$(TARGET_NAME)";
				SWIFT_EMIT_LOC_STRINGS = YES;
				SWIFT_VERSION = 5.0;
				TARGETED_DEVICE_FAMILY = "1,2";
			};
			name = Release;
		};
/* End XCBuildConfiguration section */

/* Begin XCConfigurationList section */
		02DBCE82296357A700FB9F85 /* Build configuration list for PBXProject "CoreDataAssignment5thTry" */ = {
			isa = XCConfigurationList;
			buildConfigurations = (
				02DBCE9C296357A900FB9F85 /* Debug */,
				02DBCE9D296357A900FB9F85 /* Release */,
			);
			defaultConfigurationIsVisible = 0;
			defaultConfigurationName = Release;
		};
		02DBCE9E296357A900FB9F85 /* Build configuration list for PBXNativeTarget "CoreDataAssignment5thTry" */ = {
			isa = XCConfigurationList;
			buildConfigurations = (
				02DBCE9F296357A900FB9F85 /* Debug */,
				02DBCEA0296357A900FB9F85 /* Release */,
			);
			defaultConfigurationIsVisible = 0;
			defaultConfigurationName = Release;
		};
/* End XCConfigurationList section */

/* Begin XCVersionGroup section */
		02DBCE93296357A700FB9F85 /* CoreDataAssignment5thTry.xcdatamodeld */ = {
			isa = XCVersionGroup;
			children = (
				02DBCE94296357A700FB9F85 /* CoreDataAssignment5thTry.xcdatamodel */,
			);
			currentVersion = 02DBCE94296357A700FB9F85 /* CoreDataAssignment5thTry.xcdatamodel */;
			path = CoreDataAssignment5thTry.xcdatamodeld;
			sourceTree = "<group>";
			versionGroupType = wrapper.xcdatamodel;
		};
/* End XCVersionGroup section */
	};
	rootObject = 02DBCE7F296357A700FB9F85 /* Project object */;
}
